<?xml version="1.0" encoding="utf-8"?>
<Project ToolsVersion="4.0" xmlns="http://schemas.microsoft.com/developer/msbuild/2003">
  <ItemGroup>
    <Filter Include="Source Files">
      <UniqueIdentifier>{4FC737F1-C7A5-4376-A066-2A32D752A2FF}</UniqueIdentifier>
      <Extensions>qml;cpp;c;cc;cxx;def;odl;idl;hpj;bat;asm;asmx</Extensions>
    </Filter>
    <Filter Include="Header Files">
      <UniqueIdentifier>{93995380-89BD-4b04-88EB-625FBE52EBFB}</UniqueIdentifier>
      <Extensions>h;hh;hpp;hxx;hm;inl;inc;xsd</Extensions>
    </Filter>
    <Filter Include="Resource Files">
      <UniqueIdentifier>{67DA6AB6-F800-4c08-8B7A-83BB121AAD01}</UniqueIdentifier>
      <Extensions>qrc;rc;ico;cur;bmp;dlg;rc2;rct;bin;rgs;gif;jpg;jpeg;jpe;resx;tiff;tif;png;wav;mfcribbon-ms</Extensions>
    </Filter>
    <Filter Include="Form Files">
      <UniqueIdentifier>{99349809-55BA-4b9d-BF79-8FDBB0286EB3}</UniqueIdentifier>
      <Extensions>ui</Extensions>
    </Filter>
    <Filter Include="Translation Files">
      <UniqueIdentifier>{639EADAA-A684-42e4-A9AD-28FC9BCB8F7C}</UniqueIdentifier>
      <Extensions>ts</Extensions>
    </Filter>
  </ItemGroup>
  <ItemGroup>
    <QtRcc Include="VIResource.qrc">
      <Filter>Resource Files</Filter>
    </QtRcc>
  </ItemGroup>
  <ItemGroup>
    <ClCompile Include="VICore\cpp\VIAbstractBehavior.cpp">
      <Filter>Source Files</Filter>
    </ClCompile>
    <ClCompile Include="VICore\cpp\VIBehavior.cpp">
      <Filter>Source Files</Filter>
    </ClCompile>
    <ClCompile Include="VICore\cpp\VICoreFramework.cpp">
      <Filter>Source Files</Filter>
    </ClCompile>
    <ClCompile Include="VICore\cpp\VIConsole.cpp">
      <Filter>Source Files</Filter>
    </ClCompile>
    <ClCompile Include="VICore\cpp\VICommand.cpp">
      <Filter>Source Files</Filter>
    </ClCompile>
    <ClCompile Include="VICore\cpp\VIMath.cpp">
      <Filter>Source Files</Filter>
    </ClCompile>
    <ClCompile Include="VICore\cpp\VIPackage.cpp">
      <Filter>Source Files</Filter>
    </ClCompile>
    <ClCompile Include="VIUJ\cpp\VIUJAbstractParser.cpp">
      <Filter>Source Files</Filter>
    </ClCompile>
    <ClCompile Include="main.cpp">
      <Filter>Source Files</Filter>
    </ClCompile>
    <ClCompile Include="VICore\VIDocument\VIJSON.cpp">
      <Filter>Source Files</Filter>
    </ClCompile>
    <ClCompile Include="VIWidgets\cpp\VIPalette.cpp">
      <Filter>Source Files</Filter>
    </ClCompile>
    <ClCompile Include="VICore\cpp\VIException.cpp">
      <Filter>Source Files</Filter>
    </ClCompile>
    <ClCompile Include="VIWidgets\cpp\VIFramework.cpp">
      <Filter>Source Files</Filter>
    </ClCompile>
    <ClCompile Include="VICore\VIDocument\VITR.cpp">
      <Filter>Source Files</Filter>
    </ClCompile>
    <ClCompile Include="VICore\cpp\VITranslationHost.cpp">
      <Filter>Source Files</Filter>
    </ClCompile>
    <ClCompile Include="VIWidgets\cpp\VIDynamicStyleSheet.cpp">
      <Filter>Source Files</Filter>
    </ClCompile>
    <ClCompile Include="VIWidgets\cpp\VIWidget.cpp">
      <Filter>Source Files</Filter>
    </ClCompile>
    <ClCompile Include="VICore\cpp\VIECMAScripts.cpp">
      <Filter>Source Files</Filter>
    </ClCompile>
    <ClCompile Include="VICore\private\VisindigoCorePack.cpp">
      <Filter>Source Files</Filter>
    </ClCompile>
    <ClCompile Include="VIWidgets\cpp\VIGridTexture.cpp">
      <Filter>Source Files</Filter>
    </ClCompile>
    <ClCompile Include="VIWidgets\cpp\VIRatioWidget.cpp">
      <Filter>Source Files</Filter>
    </ClCompile>
    <ClCompile Include="VIWidgets\cpp\VISettingsLabel.cpp">
      <Filter>Source Files</Filter>
    </ClCompile>
    <ClCompile Include="VICore\cpp\VIPathInfo.cpp">
      <Filter>Source Files</Filter>
    </ClCompile>
    <ClCompile Include="VIWidgets\private\VisindigoWidgetsPack.cpp">
      <Filter>Source Files</Filter>
    </ClCompile>
    <ClCompile Include="VIARCP\cpp\VIARCPDataObject.cpp">
      <Filter>Source Files</Filter>
    </ClCompile>
    <ClCompile Include="VIARCP\cpp\VIARCPEnum.cpp">
      <Filter>Source Files</Filter>
    </ClCompile>
    <ClCompile Include="VIARCP\cpp\VIARCPPackage.cpp">
      <Filter>Source Files</Filter>
    </ClCompile>
    <ClCompile Include="VIARCP\cpp\VIARCPPeerPort.cpp">
      <Filter>Source Files</Filter>
    </ClCompile>
    <ClCompile Include="VIARCP\cpp\VIARCPRemoteObject.cpp">
      <Filter>Source Files</Filter>
    </ClCompile>
    <ClCompile Include="VIARCP\cpp\VIARCPSocket.cpp">
      <Filter>Source Files</Filter>
    </ClCompile>
    <ClCompile Include="VIARCP\cpp\VIARCPTypeManager.cpp">
      <Filter>Source Files</Filter>
    </ClCompile>
    <ClCompile Include="VIGitTools\cpp\VIDifferenceAnalyzer.cpp">
      <Filter>Source Files</Filter>
    </ClCompile>
    <ClCompile Include="VIWidgets\VICodeEdit\cpp\VICodeEdit.cpp">
      <Filter>Source Files</Filter>
    </ClCompile>
    <ClCompile Include="VIWidgets\VICodeEdit\cpp\VICodeEditUnit.cpp">
      <Filter>Source Files</Filter>
    </ClCompile>
    <ClCompile Include="VICore\cpp\VIMathFunction.cpp">
      <Filter>Source Files</Filter>
    </ClCompile>
    <ClCompile Include="VICore\cpp\VIPackageManager.cpp">
      <Filter>Source Files</Filter>
    </ClCompile>
    <ClCompile Include="VICore\cpp\VIFileTools.cpp">
      <Filter>Source Files</Filter>
    </ClCompile>
  </ItemGroup>
  <ItemGroup>
    <ClInclude Include="VICore\private\VIMacro.h">
      <Filter>Header Files</Filter>
    </ClInclude>
    <ClInclude Include="VICore\private\VICompileMacro.h">
      <Filter>Header Files</Filter>
    </ClInclude>
    <ClInclude Include="VICore\private\VIDuration_m.h">
      <Filter>Header Files</Filter>
    </ClInclude>
    <ClInclude Include="VICore\VICore.h">
      <Filter>Header Files</Filter>
    </ClInclude>
    <ClInclude Include="VI2DScene\private\VI2DScene_m.h">
      <Filter>Header Files</Filter>
    </ClInclude>
    <ClInclude Include="VI2DScene\VI2DUnit.h">
      <Filter>Header Files</Filter>
    </ClInclude>
    <ClInclude Include="VICore\private\VIAutoVersion.h">
      <Filter>Header Files</Filter>
    </ClInclude>
    <ClInclude Include="VICore\VIException.h">
      <Filter>Header Files</Filter>
    </ClInclude>
    <ClInclude Include="VIWidgets\VIWidgets.h">
      <Filter>Header Files</Filter>
    </ClInclude>
    <ClInclude Include="VIUJ\VIUJWidgetParser.h">
      <Filter>Header Files</Filter>
    </ClInclude>
    <ClInclude Include="VIUJ\VIUJ.h">
      <Filter>Header Files</Filter>
    </ClInclude>
    <ClInclude Include="VIWidgets\private\VIPalette_p.h">
      <Filter>Header Files</Filter>
    </ClInclude>
    <ClInclude Include="VICore\VIPathInfo.h">
      <Filter>Header Files</Filter>
    </ClInclude>
    <ClInclude Include="VICore\VIMultiPlatform.h">
      <Filter>Header Files</Filter>
    </ClInclude>
    <ClInclude Include="VICore\VIConsole.h">
      <Filter>Header Files</Filter>
    </ClInclude>
    <ClInclude Include="VICore\private\VisindigoNamespace.h">
      <Filter>Header Files</Filter>
    </ClInclude>
    <ClInclude Include="VIWave\VIWave.h">
      <Filter>Header Files</Filter>
    </ClInclude>
    <ClInclude Include="VIARCP\VIARCPBaseChunk.h">
      <Filter>Header Files</Filter>
    </ClInclude>
    <ClInclude Include="VIARCP\VIARCPDataObject.h">
      <Filter>Header Files</Filter>
    </ClInclude>
    <ClInclude Include="VIARCP\VIARCPEnum.h">
      <Filter>Header Files</Filter>
    </ClInclude>
    <ClInclude Include="VIARCP\VIARCPStructConverter.h">
      <Filter>Header Files</Filter>
    </ClInclude>
    <ClInclude Include="VIGitTools\VIGitTools.h">
      <Filter>Header Files</Filter>
    </ClInclude>
    <ClInclude Include="VICore\VIProcess.h">
      <Filter>Header Files</Filter>
    </ClInclude>
    <ClInclude Include="VICore\VIMath.h">
      <Filter>Header Files</Filter>
    </ClInclude>
    <ClInclude Include="VICore\VILogger.h">
      <Filter>Header Files</Filter>
    </ClInclude>
    <ClInclude Include="VICore\VIVersion.h">
      <Filter>Header Files</Filter>
    </ClInclude>
    <ClInclude Include="VICore\private\VICoreFrameworkPrivate.h">
      <Filter>Header Files</Filter>
    </ClInclude>
    <ClInclude Include="VICore\VIPimpl.h">
      <Filter>Header Files</Filter>
    </ClInclude>
  </ItemGroup>
  <ItemGroup>
    <QtMoc Include="VICore\VIAbstractBehavior.h">
      <Filter>Header Files</Filter>
    </QtMoc>
    <QtMoc Include="VICore\VIDuration.h">
      <Filter>Header Files</Filter>
    </QtMoc>
    <QtMoc Include="VICore\VIBehavior.h">
      <Filter>Header Files</Filter>
    </QtMoc>
    <QtMoc Include="VICore\VICoreFramework.h">
      <Filter>Header Files</Filter>
    </QtMoc>
    <QtMoc Include="VI2DScene\VI2DSceneWidget.h">
      <Filter>Header Files</Filter>
    </QtMoc>
    <QtMoc Include="VICore\VIPackage.h">
      <Filter>Header Files</Filter>
    </QtMoc>
    <QtMoc Include="VICore\VIObject.h">
      <Filter>Header Files</Filter>
    </QtMoc>
    <QtMoc Include="VICore\VICommand.h">
      <Filter>Header Files</Filter>
    </QtMoc>
    <QtMoc Include="VICore\VIECMAScripts.h">
      <Filter>Header Files</Filter>
    </QtMoc>
    <QtMoc Include="VICore\private\VIECMABuiltInModules.h">
      <Filter>Header Files</Filter>
    </QtMoc>
    <QtMoc Include="VIWidgets\VIWidget.h">
      <Filter>Header Files</Filter>
    </QtMoc>
    <QtMoc Include="VIWidgets\VIPackagePanel.h">
      <Filter>Header Files</Filter>
    </QtMoc>
    <QtMoc Include="VICore\VIDocument\VIJSON.h">
      <Filter>Header Files</Filter>
    </QtMoc>
    <QtMoc Include="VIWidgets\VICodeEdit\VICodeEdit.h">
      <Filter>Header Files</Filter>
    </QtMoc>
    <QtMoc Include="VIWidgets\VIMultiButton.h">
      <Filter>Header Files</Filter>
    </QtMoc>
    <QtMoc Include="VIWidgets\VIWindowsTheme.h">
      <Filter>Header Files</Filter>
    </QtMoc>
    <QtMoc Include="VI2DScene\VI2DSceneItemAnimationBehavior.h">
      <Filter>Header Files</Filter>
    </QtMoc>
    <QtMoc Include="VIWidgets\VILoadingWidget.h">
      <Filter>Header Files</Filter>
    </QtMoc>
    <QtMoc Include="VIWidgets\VIWidgetsTransQt.h">
      <Filter>Header Files</Filter>
    </QtMoc>
    <QtMoc Include="VIUJ\VIUJAbstractParser.h">
      <Filter>Header Files</Filter>
    </QtMoc>
    <QtMoc Include="VIUJ\VIUJWidgetBinder.h">
      <Filter>Header Files</Filter>
    </QtMoc>
    <QtMoc Include="testCode.h">
      <Filter>Header Files</Filter>
    </QtMoc>
    <QtMoc Include="VICore\private\VisindigoCorePack.h">
      <Filter>Header Files</Filter>
    </QtMoc>
    <QtMoc Include="VIWidgets\VIPalette.h">
      <Filter>Header Files</Filter>
    </QtMoc>
    <QtMoc Include="VICore\VIColorTools.h">
      <Filter>Header Files</Filter>
    </QtMoc>
    <QtMoc Include="VIWidgets\VIFramework.h">
      <Filter>Header Files</Filter>
    </QtMoc>
    <QtMoc Include="VIWidgets\private\VisindigoWidgetsPack.h">
      <Filter>Header Files</Filter>
    </QtMoc>
    <QtMoc Include="VIWidgets\VISwitchButton.h">
      <Filter>Header Files</Filter>
    </QtMoc>
    <QtMoc Include="VIWidgets\private\VISwitchButton_p.h">
      <Filter>Header Files</Filter>
    </QtMoc>
    <QtMoc Include="VIWidgets\VIPSOD.h">
      <Filter>Header Files</Filter>
    </QtMoc>
    <QtMoc Include="VICore\VITranslationHost.h">
      <Filter>Header Files</Filter>
    </QtMoc>
    <QtMoc Include="VICore\VIDocument\VITR.h">
      <Filter>Header Files</Filter>
    </QtMoc>
    <QtMoc Include="VIWidgets\VIDynamicStyleSheet.h">
      <Filter>Header Files</Filter>
    </QtMoc>
    <QtMoc Include="VIWave\VIOperationalWaveObject.h">
      <Filter>Header Files</Filter>
    </QtMoc>
    <QtMoc Include="VIWidgets\VIGridTexture.h">
      <Filter>Header Files</Filter>
    </QtMoc>
    <QtMoc Include="VICore\VIDocument\VIRIFF.h">
      <Filter>Header Files</Filter>
    </QtMoc>
    <QtMoc Include="VIWave\VISoundHost.h">
      <Filter>Header Files</Filter>
    </QtMoc>
    <QtMoc Include="VIWidgets\VIRatioWidget.h">
      <Filter>Header Files</Filter>
    </QtMoc>
    <QtMoc Include="VIWidgets\VIMultiLabel.h">
      <Filter>Header Files</Filter>
    </QtMoc>
    <QtMoc Include="VIWidgets\VISettingsLabel.h">
      <Filter>Header Files</Filter>
    </QtMoc>
    <QtMoc Include="VIARCP\VIARCP.h">
      <Filter>Header Files</Filter>
    </QtMoc>
    <QtMoc Include="VIARCP\VIARCPPackage.h">
      <Filter>Header Files</Filter>
    </QtMoc>
    <QtMoc Include="VIARCP\VIARCPPackageMeta.h">
      <Filter>Header Files</Filter>
    </QtMoc>
    <QtMoc Include="VIARCP\VIARCPPeerPort.h">
      <Filter>Header Files</Filter>
    </QtMoc>
    <QtMoc Include="VIARCP\VIARCPRemoteObject.h">
      <Filter>Header Files</Filter>
    </QtMoc>
    <QtMoc Include="VIARCP\VIARCPSocket.h">
      <Filter>Header Files</Filter>
    </QtMoc>
    <QtMoc Include="VIARCP\VIARCPTypeManager.h">
      <Filter>Header Files</Filter>
    </QtMoc>
    <QtMoc Include="VIGitTools\VIGitEnvironment.h">
      <Filter>Header Files</Filter>
    </QtMoc>
    <QtMoc Include="VIGitTools\VIDifferenceAnalyzer.h">
      <Filter>Header Files</Filter>
    </QtMoc>
    <QtMoc Include="VIWidgets\VICodeEdit\VICodeEditUnit.h">
      <Filter>Header Files</Filter>
    </QtMoc>
    <QtMoc Include="VICore\VIMathFunction.h">
      <Filter>Header Files</Filter>
    </QtMoc>
    <QtMoc Include="VICore\VIPackageManager.h">
      <Filter>Header Files</Filter>
    </QtMoc>
    <QtMoc Include="VICore\VIFileTools.h">
      <Filter>Header Files</Filter>
    </QtMoc>
  </ItemGroup>
  <ItemGroup>
    <None Include="VICore\resource\packageMeta.json" />
  </ItemGroup>
</Project>