<?xml version="1.0" encoding="utf-8"?>
<Project ToolsVersion="4.0" xmlns="http://schemas.microsoft.com/developer/msbuild/2003">
  <ItemGroup>
    <Filter Include="Source Files">
      <UniqueIdentifier>{4FC737F1-C7A5-4376-A066-2A32D752A2FF}</UniqueIdentifier>
      <Extensions>qml;cpp;c;cc;cxx;def;odl;idl;hpj;bat;asm;asmx</Extensions>
    </Filter>
    <Filter Include="Header Files">
      <UniqueIdentifier>{93995380-89BD-4b04-88EB-625FBE52EBFB}</UniqueIdentifier>
      <Extensions>h;hh;hpp;hxx;hm;inl;inc;xsd</Extensions>
    </Filter>
    <Filter Include="Resource Files">
      <UniqueIdentifier>{67DA6AB6-F800-4c08-8B7A-83BB121AAD01}</UniqueIdentifier>
      <Extensions>qrc;rc;ico;cur;bmp;dlg;rc2;rct;bin;rgs;gif;jpg;jpeg;jpe;resx;tiff;tif;png;wav;mfcribbon-ms</Extensions>
    </Filter>
    <Filter Include="Form Files">
      <UniqueIdentifier>{99349809-55BA-4b9d-BF79-8FDBB0286EB3}</UniqueIdentifier>
      <Extensions>ui</Extensions>
    </Filter>
    <Filter Include="Translation Files">
      <UniqueIdentifier>{639EADAA-A684-42e4-A9AD-28FC9BCB8F7C}</UniqueIdentifier>
      <Extensions>ts</Extensions>
    </Filter>
  </ItemGroup>
  <ItemGroup>
    <ClCompile Include="main.cpp">
      <Filter>Source Files</Filter>
    </ClCompile>
    <ClCompile Include="Visindigo\VICore\VIGuiAnimation.cpp">
      <Filter>Source Files</Filter>
    </ClCompile>
    <ClCompile Include="VIUI\MRW\MRWGlobal.cpp">
      <Filter>Source Files</Filter>
    </ClCompile>
    <ClCompile Include="VIJSAPI\VIJSGlobal.cpp">
      <Filter>Source Files</Filter>
    </ClCompile>
    <ClCompile Include="init.cpp">
      <Filter>Source Files</Filter>
    </ClCompile>
    <ClCompile Include="Visindigo\VICore\VIGeneralBehavior.cpp">
      <Filter>Source Files</Filter>
    </ClCompile>
    <ClCompile Include="CommonEdit\CEFunction\CELanguage.cpp">
      <Filter>Source Files</Filter>
    </ClCompile>
  </ItemGroup>
  <ItemGroup>
    <ClInclude Include="VIUI\MRW\MRWGlobal.h">
      <Filter>Header Files</Filter>
    </ClInclude>
    <ClInclude Include="VIUI\PW\VisindigoProject.h">
      <Filter>Header Files</Filter>
    </ClInclude>
    <ClInclude Include="VIUI\RW\VisindigoRepos.h">
      <Filter>Header Files</Filter>
    </ClInclude>
    <ClInclude Include="VIJSAPI\VIJSGlobal.h">
      <Filter>Header Files</Filter>
    </ClInclude>
    <ClInclude Include="Global.h">
      <Filter>Header Files</Filter>
    </ClInclude>
    <ClInclude Include="VIUI\VIPlayerWidget.h">
      <Filter>Header Files</Filter>
    </ClInclude>
    <ClInclude Include="Visindigo\VICore\VIMath.h">
      <Filter>Header Files</Filter>
    </ClInclude>
    <ClInclude Include="init.h">
      <Filter>Header Files</Filter>
    </ClInclude>
    <ClInclude Include="VIJSAPI\JsVIBase.h">
      <Filter>Header Files</Filter>
    </ClInclude>
    <ClInclude Include="Visindigo\VICore\private\VIGeneralBehavior_p.h">
      <Filter>Header Files</Filter>
    </ClInclude>
    <ClInclude Include="CommonEdit\CECore\CE_QtMacro.h">
      <Filter>Header Files</Filter>
    </ClInclude>
    <ClInclude Include="CommonEdit\CECore\CEMacro.h">
      <Filter>Header Files</Filter>
    </ClInclude>
  </ItemGroup>
  <ItemGroup>
    <QtMoc Include="Visindigo\VICore\VIGuiAnimation.h">
      <Filter>Header Files</Filter>
    </QtMoc>
    <QtMoc Include="VIUI\MRW\VisindigoRuntime.h">
      <Filter>Header Files</Filter>
    </QtMoc>
    <QtMoc Include="VIUI\MRW\GUI2D\VI2DGUI.h">
      <Filter>Header Files</Filter>
    </QtMoc>
    <QtMoc Include="VIJSAPI\VIJSHost.h">
      <Filter>Header Files</Filter>
    </QtMoc>
    <QtMoc Include="VIUI\MRW\VIGUI2D.h">
      <Filter>Header Files</Filter>
    </QtMoc>
    <QtMoc Include="VIJSAPI\JsVIGUI2D.h">
      <Filter>Header Files</Filter>
    </QtMoc>
    <QtMoc Include="VIJSAPI\JsVISystem.h">
      <Filter>Header Files</Filter>
    </QtMoc>
    <QtMoc Include="Visindigo\VICore\VIAnimation.h">
      <Filter>Header Files</Filter>
    </QtMoc>
    <QtMoc Include="VIJSAPI\JsVIYSP.h">
      <Filter>Header Files</Filter>
    </QtMoc>
    <QtMoc Include="Visindigo\VICore\VIQtExtensionMethod.h">
      <Filter>Header Files</Filter>
    </QtMoc>
    <QtMoc Include="VIUI\MRW\GUI2D\VI2DGUIBase.h">
      <Filter>Header Files</Filter>
    </QtMoc>
    <QtMoc Include="VIJSAPI\HostExceptionUI.h">
      <Filter>Header Files</Filter>
    </QtMoc>
    <QtMoc Include="VIUI\MRW\Scene3D\VIScene3DBase.h">
      <Filter>Header Files</Filter>
    </QtMoc>
    <QtMoc Include="VIJSAPI\JsVIGUI2DBase.h">
      <Filter>Header Files</Filter>
    </QtMoc>
    <QtMoc Include="VIJSAPI\JsVIChara.h">
      <Filter>Header Files</Filter>
    </QtMoc>
    <QtMoc Include="VIJSAPI\JsVIContainer.h">
      <Filter>Header Files</Filter>
    </QtMoc>
    <QtMoc Include="Visindigo\VICore\VIGeneralBehavior.h">
      <Filter>Header Files</Filter>
    </QtMoc>
    <QtMoc Include="CommonEdit\CEFunction\CELanguage.h">
      <Filter>Header Files</Filter>
    </QtMoc>
  </ItemGroup>
  <ItemGroup>
    <None Include="Visindigo\VI3D\NewFile.qml">
      <Filter>Source Files</Filter>
    </None>
    <None Include="Resource\Language\zh_CN.celang" />
  </ItemGroup>
  <ItemGroup>
    <QtRcc Include="Resource.qrc">
      <Filter>Resource Files</Filter>
    </QtRcc>
  </ItemGroup>
  <ItemGroup>
    <Text Include="Resource\QSS\YSPStyleSheet.css" />
  </ItemGroup>
</Project>