
Microsoft Visual Studio Solution File, Format Version 12.00
# Visual Studio Version 17
VisualStudioVersion = 17.3.32819.101
MinimumVisualStudioVersion = 10.0.40219.1
Project("{8BC9CEB8-8B4A-11D0-8D11-00A0C91BC942}") = "Visindigo", "Visindigo\Visindigo.vcxproj", "{86E1415A-BD6E-4BDF-8D0A-75D7AAFFE8F1}"
EndProject
Project("{8BC9CEB8-8B4A-11D0-8D11-00A0C91BC942}") = "VIMiCore", "src\VIMiCore\VIMiCore.vcxproj", "{49823AFC-0934-490E-8476-BFAEAA8B8E04}"
EndProject
Project("{8BC9CEB8-8B4A-11D0-8D11-00A0C91BC942}") = "VICore", "src\VICore\VICore.vcxproj", "{B2ABDCAA-1B26-4FD9-A2E5-B3354B251B7C}"
EndProject
Global
	GlobalSection(SolutionConfigurationPlatforms) = preSolution
		Debug|x64 = Debug|x64
		DllDebug|x64 = DllDebug|x64
		DllDebugExport|x64 = DllDebugExport|x64
		DllRelease|x64 = DllRelease|x64
		DllReleaseExport|x64 = DllReleaseExport|x64
		Release|x64 = Release|x64
	EndGlobalSection
	GlobalSection(ProjectConfigurationPlatforms) = postSolution
		{86E1415A-BD6E-4BDF-8D0A-75D7AAFFE8F1}.Debug|x64.ActiveCfg = Debug|x64
		{86E1415A-BD6E-4BDF-8D0A-75D7AAFFE8F1}.Debug|x64.Build.0 = Debug|x64
		{86E1415A-BD6E-4BDF-8D0A-75D7AAFFE8F1}.DllDebug|x64.ActiveCfg = DllDebug|x64
		{86E1415A-BD6E-4BDF-8D0A-75D7AAFFE8F1}.DllDebug|x64.Build.0 = DllDebug|x64
		{86E1415A-BD6E-4BDF-8D0A-75D7AAFFE8F1}.DllDebugExport|x64.ActiveCfg = DllRelease|x64
		{86E1415A-BD6E-4BDF-8D0A-75D7AAFFE8F1}.DllDebugExport|x64.Build.0 = DllRelease|x64
		{86E1415A-BD6E-4BDF-8D0A-75D7AAFFE8F1}.DllRelease|x64.ActiveCfg = DllRelease|x64
		{86E1415A-BD6E-4BDF-8D0A-75D7AAFFE8F1}.DllRelease|x64.Build.0 = DllRelease|x64
		{86E1415A-BD6E-4BDF-8D0A-75D7AAFFE8F1}.DllReleaseExport|x64.ActiveCfg = DllRelease|x64
		{86E1415A-BD6E-4BDF-8D0A-75D7AAFFE8F1}.DllReleaseExport|x64.Build.0 = DllRelease|x64
		{86E1415A-BD6E-4BDF-8D0A-75D7AAFFE8F1}.Release|x64.ActiveCfg = Release|x64
		{86E1415A-BD6E-4BDF-8D0A-75D7AAFFE8F1}.Release|x64.Build.0 = Release|x64
		{49823AFC-0934-490E-8476-BFAEAA8B8E04}.Debug|x64.ActiveCfg = Debug|x64
		{49823AFC-0934-490E-8476-BFAEAA8B8E04}.Debug|x64.Build.0 = Debug|x64
		{49823AFC-0934-490E-8476-BFAEAA8B8E04}.DllDebug|x64.ActiveCfg = Debug|x64
		{49823AFC-0934-490E-8476-BFAEAA8B8E04}.DllDebug|x64.Build.0 = Debug|x64
		{49823AFC-0934-490E-8476-BFAEAA8B8E04}.DllDebugExport|x64.ActiveCfg = DllDebugExport|x64
		{49823AFC-0934-490E-8476-BFAEAA8B8E04}.DllDebugExport|x64.Build.0 = DllDebugExport|x64
		{49823AFC-0934-490E-8476-BFAEAA8B8E04}.DllRelease|x64.ActiveCfg = Release|x64
		{49823AFC-0934-490E-8476-BFAEAA8B8E04}.DllRelease|x64.Build.0 = Release|x64
		{49823AFC-0934-490E-8476-BFAEAA8B8E04}.DllReleaseExport|x64.ActiveCfg = DllReleaseExport|x64
		{49823AFC-0934-490E-8476-BFAEAA8B8E04}.DllReleaseExport|x64.Build.0 = DllReleaseExport|x64
		{49823AFC-0934-490E-8476-BFAEAA8B8E04}.Release|x64.ActiveCfg = Release|x64
		{49823AFC-0934-490E-8476-BFAEAA8B8E04}.Release|x64.Build.0 = Release|x64
		{B2ABDCAA-1B26-4FD9-A2E5-B3354B251B7C}.Debug|x64.ActiveCfg = Debug|x64
		{B2ABDCAA-1B26-4FD9-A2E5-B3354B251B7C}.Debug|x64.Build.0 = Debug|x64
		{B2ABDCAA-1B26-4FD9-A2E5-B3354B251B7C}.DllDebug|x64.ActiveCfg = Debug|x64
		{B2ABDCAA-1B26-4FD9-A2E5-B3354B251B7C}.DllDebug|x64.Build.0 = Debug|x64
		{B2ABDCAA-1B26-4FD9-A2E5-B3354B251B7C}.DllDebugExport|x64.ActiveCfg = Debug|x64
		{B2ABDCAA-1B26-4FD9-A2E5-B3354B251B7C}.DllDebugExport|x64.Build.0 = Debug|x64
		{B2ABDCAA-1B26-4FD9-A2E5-B3354B251B7C}.DllRelease|x64.ActiveCfg = Release|x64
		{B2ABDCAA-1B26-4FD9-A2E5-B3354B251B7C}.DllRelease|x64.Build.0 = Release|x64
		{B2ABDCAA-1B26-4FD9-A2E5-B3354B251B7C}.DllReleaseExport|x64.ActiveCfg = Release|x64
		{B2ABDCAA-1B26-4FD9-A2E5-B3354B251B7C}.DllReleaseExport|x64.Build.0 = Release|x64
		{B2ABDCAA-1B26-4FD9-A2E5-B3354B251B7C}.Release|x64.ActiveCfg = Release|x64
		{B2ABDCAA-1B26-4FD9-A2E5-B3354B251B7C}.Release|x64.Build.0 = Release|x64
	EndGlobalSection
	GlobalSection(SolutionProperties) = preSolution
		HideSolutionNode = FALSE
	EndGlobalSection
	GlobalSection(ExtensibilityGlobals) = postSolution
		SolutionGuid = {450529F8-2FCD-4160-8F5C-3C5F5B0FB03C}
	EndGlobalSection
EndGlobal
